
Microsoft Visual Studio Solution File, Format Version 12.00
# Visual Studio Version 16
VisualStudioVersion = 16.6.30114.105
MinimumVisualStudioVersion = 10.0.40219.1
Project("{9A19103F-16F7-4668-BE54-9A1E7A4F7556}") = "Poo.Models", "Poo.Models\Poo.Models.csproj", "{A878D19E-7BA0-4FC8-853D-542DB3A7D1F6}"
EndProject
Project("{FAE04EC0-301F-11D3-BF4B-00C04F79EFBC}") = "Poo.ConsoleApp", "Poo.ConsoleApp\Poo.ConsoleApp.csproj", "{0E9814AD-4ABF-4A2A-A4A1-DFD064D60958}"
EndProject
Global
	GlobalSection(SolutionConfigurationPlatforms) = preSolution
		Debug|Any CPU = Debug|Any CPU
		Debug|x64 = Debug|x64
		Debug|x86 = Debug|x86
		Release|Any CPU = Release|Any CPU
		Release|x64 = Release|x64
		Release|x86 = Release|x86
	EndGlobalSection
	GlobalSection(ProjectConfigurationPlatforms) = postSolution
		{A878D19E-7BA0-4FC8-853D-542DB3A7D1F6}.Debug|Any CPU.ActiveCfg = Debug|Any CPU
		{A878D19E-7BA0-4FC8-853D-542DB3A7D1F6}.Debug|Any CPU.Build.0 = Debug|Any CPU
		{A878D19E-7BA0-4FC8-853D-542DB3A7D1F6}.Debug|x64.ActiveCfg = Debug|Any CPU
		{A878D19E-7BA0-4FC8-853D-542DB3A7D1F6}.Debug|x64.Build.0 = Debug|Any CPU
		{A878D19E-7BA0-4FC8-853D-542DB3A7D1F6}.Debug|x86.ActiveCfg = Debug|Any CPU
		{A878D19E-7BA0-4FC8-853D-542DB3A7D1F6}.Debug|x86.Build.0 = Debug|Any CPU
		{A878D19E-7BA0-4FC8-853D-542DB3A7D1F6}.Release|Any CPU.ActiveCfg = Release|Any CPU
		{A878D19E-7BA0-4FC8-853D-542DB3A7D1F6}.Release|Any CPU.Build.0 = Release|Any CPU
		{A878D19E-7BA0-4FC8-853D-542DB3A7D1F6}.Release|x64.ActiveCfg = Release|Any CPU
		{A878D19E-7BA0-4FC8-853D-542DB3A7D1F6}.Release|x64.Build.0 = Release|Any CPU
		{A878D19E-7BA0-4FC8-853D-542DB3A7D1F6}.Release|x86.ActiveCfg = Release|Any CPU
		{A878D19E-7BA0-4FC8-853D-542DB3A7D1F6}.Release|x86.Build.0 = Release|Any CPU
		{77529991-1F39-42B9-851A-522194489787}.Debug|Any CPU.ActiveCfg = Debug|Any CPU
		{77529991-1F39-42B9-851A-522194489787}.Debug|Any CPU.Build.0 = Debug|Any CPU
		{77529991-1F39-42B9-851A-522194489787}.Debug|x64.ActiveCfg = Debug|Any CPU
		{77529991-1F39-42B9-851A-522194489787}.Debug|x64.Build.0 = Debug|Any CPU
		{77529991-1F39-42B9-851A-522194489787}.Debug|x86.ActiveCfg = Debug|Any CPU
		{77529991-1F39-42B9-851A-522194489787}.Debug|x86.Build.0 = Debug|Any CPU
		{77529991-1F39-42B9-851A-522194489787}.Release|Any CPU.ActiveCfg = Release|Any CPU
		{77529991-1F39-42B9-851A-522194489787}.Release|Any CPU.Build.0 = Release|Any CPU
		{77529991-1F39-42B9-851A-522194489787}.Release|x64.ActiveCfg = Release|Any CPU
		{77529991-1F39-42B9-851A-522194489787}.Release|x64.Build.0 = Release|Any CPU
		{77529991-1F39-42B9-851A-522194489787}.Release|x86.ActiveCfg = Release|Any CPU
		{77529991-1F39-42B9-851A-522194489787}.Release|x86.Build.0 = Release|Any CPU
		{0E9814AD-4ABF-4A2A-A4A1-DFD064D60958}.Debug|Any CPU.ActiveCfg = Debug|Any CPU
		{0E9814AD-4ABF-4A2A-A4A1-DFD064D60958}.Debug|Any CPU.Build.0 = Debug|Any CPU
		{0E9814AD-4ABF-4A2A-A4A1-DFD064D60958}.Debug|x64.ActiveCfg = Debug|Any CPU
		{0E9814AD-4ABF-4A2A-A4A1-DFD064D60958}.Debug|x64.Build.0 = Debug|Any CPU
		{0E9814AD-4ABF-4A2A-A4A1-DFD064D60958}.Debug|x86.ActiveCfg = Debug|Any CPU
		{0E9814AD-4ABF-4A2A-A4A1-DFD064D60958}.Debug|x86.Build.0 = Debug|Any CPU
		{0E9814AD-4ABF-4A2A-A4A1-DFD064D60958}.Release|Any CPU.ActiveCfg = Release|Any CPU
		{0E9814AD-4ABF-4A2A-A4A1-DFD064D60958}.Release|Any CPU.Build.0 = Release|Any CPU
		{0E9814AD-4ABF-4A2A-A4A1-DFD064D60958}.Release|x64.ActiveCfg = Release|Any CPU
		{0E9814AD-4ABF-4A2A-A4A1-DFD064D60958}.Release|x64.Build.0 = Release|Any CPU
		{0E9814AD-4ABF-4A2A-A4A1-DFD064D60958}.Release|x86.ActiveCfg = Release|Any CPU
		{0E9814AD-4ABF-4A2A-A4A1-DFD064D60958}.Release|x86.Build.0 = Release|Any CPU
		{AD52CB77-77EF-48FD-AF69-49ABBB2074C6}.Debug|Any CPU.ActiveCfg = Debug|Any CPU
		{AD52CB77-77EF-48FD-AF69-49ABBB2074C6}.Debug|Any CPU.Build.0 = Debug|Any CPU
		{AD52CB77-77EF-48FD-AF69-49ABBB2074C6}.Debug|x64.ActiveCfg = Debug|Any CPU
		{AD52CB77-77EF-48FD-AF69-49ABBB2074C6}.Debug|x64.Build.0 = Debug|Any CPU
		{AD52CB77-77EF-48FD-AF69-49ABBB2074C6}.Debug|x86.ActiveCfg = Debug|Any CPU
		{AD52CB77-77EF-48FD-AF69-49ABBB2074C6}.Debug|x86.Build.0 = Debug|Any CPU
		{AD52CB77-77EF-48FD-AF69-49ABBB2074C6}.Release|Any CPU.ActiveCfg = Release|Any CPU
		{AD52CB77-77EF-48FD-AF69-49ABBB2074C6}.Release|Any CPU.Build.0 = Release|Any CPU
		{AD52CB77-77EF-48FD-AF69-49ABBB2074C6}.Release|x64.ActiveCfg = Release|Any CPU
		{AD52CB77-77EF-48FD-AF69-49ABBB2074C6}.Release|x64.Build.0 = Release|Any CPU
		{AD52CB77-77EF-48FD-AF69-49ABBB2074C6}.Release|x86.ActiveCfg = Release|Any CPU
		{AD52CB77-77EF-48FD-AF69-49ABBB2074C6}.Release|x86.Build.0 = Release|Any CPU
	EndGlobalSection
	GlobalSection(SolutionProperties) = preSolution
		HideSolutionNode = FALSE
	EndGlobalSection
	GlobalSection(ExtensibilityGlobals) = postSolution
		SolutionGuid = {A9795749-B387-4A2F-93D3-19591EA4F137}
	EndGlobalSection
EndGlobal
